
Microsoft Visual Studio Solution File, Format Version 12.00
# Visual Studio Version 17
VisualStudioVersion = 17.3.32901.215
MinimumVisualStudioVersion = 10.0.40219.1
Project("{FAE04EC0-301F-11D3-BF4B-00C04F79EFBC}") = "GuessTheNumber2", "GuessTheNumber2\GuessTheNumber2.csproj", "{3304E81F-AE38-4449-B785-5E530F13C2F1}"
EndProject
Global
	GlobalSection(SolutionConfigurationPlatforms) = preSolution
		Debug|Any CPU = Debug|Any CPU
		Release|Any CPU = Release|Any CPU
	EndGlobalSection
	GlobalSection(ProjectConfigurationPlatforms) = postSolution
		{3304E81F-AE38-4449-B785-5E530F13C2F1}.Debug|Any CPU.ActiveCfg = Debug|Any CPU
		{3304E81F-AE38-4449-B785-5E530F13C2F1}.Debug|Any CPU.Build.0 = Debug|Any CPU
		{3304E81F-AE38-4449-B785-5E530F13C2F1}.Release|Any CPU.ActiveCfg = Release|Any CPU
		{3304E81F-AE38-4449-B785-5E530F13C2F1}.Release|Any CPU.Build.0 = Release|Any CPU
	EndGlobalSection
	GlobalSection(SolutionProperties) = preSolution
		HideSolutionNode = FALSE
	EndGlobalSection
	GlobalSection(ExtensibilityGlobals) = postSolution
		SolutionGuid = {1D6E127C-B64D-4CB4-8C13-449E5D670C3C}
	EndGlobalSection
EndGlobal
